PODS:
  - Alamofire (5.4.4)
  - SkeletonView (1.25.2)
  - SwiftyJSON (4.3.0)

DEPENDENCIES:
  - Alamofire (~> 5.4)
  - SkeletonView
  - SwiftyJSON (~> 4.0)

SPEC REPOS:
  trunk:
    - Alamofire
    - SkeletonView
    - SwiftyJSON

SPEC CHECKSUMS:
  Alamofire: f3b09a368f1582ab751b3fff5460276e0d2cf5c9
  SkeletonView: 820b2bbd180d7408f3f03b6462cfc3cac39d2ef2
  SwiftyJSON: 6faa0040f8b59dead0ee07436cbf76b73c08fd08

PODFILE CHECKSUM: 2929241abcfd209477a775279a122991b28ca3d6

COCOAPODS: 1.11.2
